<?xml version="1.0" encoding="utf-8"?>
<Project ToolsVersion="4.0" xmlns="http://schemas.microsoft.com/developer/msbuild/2003">
  <ItemGroup>
    <Filter Include="소스 파일">
      <UniqueIdentifier>{4FC737F1-C7A5-4376-A066-2A32D752A2FF}</UniqueIdentifier>
      <Extensions>cpp;c;cc;cxx;def;odl;idl;hpj;bat;asm;asmx</Extensions>
    </Filter>
    <Filter Include="헤더 파일">
      <UniqueIdentifier>{93995380-89BD-4b04-88EB-625FBE52EBFB}</UniqueIdentifier>
      <Extensions>h;hh;hpp;hxx;hm;inl;inc;xsd</Extensions>
    </Filter>
    <Filter Include="리소스 파일">
      <UniqueIdentifier>{67DA6AB6-F800-4c08-8B7A-83BB121AAD01}</UniqueIdentifier>
      <Extensions>rc;ico;cur;bmp;dlg;rc2;rct;bin;rgs;gif;jpg;jpeg;jpe;resx;tiff;tif;png;wav;mfcribbon-ms</Extensions>
    </Filter>
  </ItemGroup>
  <ItemGroup>
    <Text Include="ReadMe.txt" />
  </ItemGroup>
  <ItemGroup>
    <ClInclude Include="talk\p2p\base\candidate.h">
      <Filter>헤더 파일</Filter>
    </ClInclude>
    <ClInclude Include="talk\p2p\base\common.h">
      <Filter>헤더 파일</Filter>
    </ClInclude>
    <ClInclude Include="talk\p2p\base\constants.h">
      <Filter>헤더 파일</Filter>
    </ClInclude>
    <ClInclude Include="talk\p2p\base\dtlstransport.h">
      <Filter>헤더 파일</Filter>
    </ClInclude>
    <ClInclude Include="talk\p2p\base\dtlstransportchannel.h">
      <Filter>헤더 파일</Filter>
    </ClInclude>
    <ClInclude Include="talk\p2p\base\fakesession.h">
      <Filter>헤더 파일</Filter>
    </ClInclude>
    <ClInclude Include="talk\p2p\base\p2ptransport.h">
      <Filter>헤더 파일</Filter>
    </ClInclude>
    <ClInclude Include="talk\p2p\base\p2ptransportchannel.h">
      <Filter>헤더 파일</Filter>
    </ClInclude>
    <ClInclude Include="talk\p2p\base\parsing.h">
      <Filter>헤더 파일</Filter>
    </ClInclude>
    <ClInclude Include="talk\p2p\base\port.h">
      <Filter>헤더 파일</Filter>
    </ClInclude>
    <ClInclude Include="talk\p2p\base\portallocator.h">
      <Filter>헤더 파일</Filter>
    </ClInclude>
    <ClInclude Include="talk\p2p\base\portallocatorsessionproxy.h">
      <Filter>헤더 파일</Filter>
    </ClInclude>
    <ClInclude Include="talk\p2p\base\portinterface.h">
      <Filter>헤더 파일</Filter>
    </ClInclude>
    <ClInclude Include="talk\p2p\base\portproxy.h">
      <Filter>헤더 파일</Filter>
    </ClInclude>
    <ClInclude Include="talk\p2p\base\pseudotcp.h">
      <Filter>헤더 파일</Filter>
    </ClInclude>
    <ClInclude Include="talk\p2p\base\rawtransport.h">
      <Filter>헤더 파일</Filter>
    </ClInclude>
    <ClInclude Include="talk\p2p\base\rawtransportchannel.h">
      <Filter>헤더 파일</Filter>
    </ClInclude>
    <ClInclude Include="talk\p2p\base\relayport.h">
      <Filter>헤더 파일</Filter>
    </ClInclude>
    <ClInclude Include="talk\p2p\base\relayserver.h">
      <Filter>헤더 파일</Filter>
    </ClInclude>
    <ClInclude Include="talk\p2p\base\session.h">
      <Filter>헤더 파일</Filter>
    </ClInclude>
    <ClInclude Include="talk\p2p\base\sessionclient.h">
      <Filter>헤더 파일</Filter>
    </ClInclude>
    <ClInclude Include="talk\p2p\base\sessiondescription.h">
      <Filter>헤더 파일</Filter>
    </ClInclude>
    <ClInclude Include="talk\p2p\base\sessionid.h">
      <Filter>헤더 파일</Filter>
    </ClInclude>
    <ClInclude Include="talk\p2p\base\sessionmanager.h">
      <Filter>헤더 파일</Filter>
    </ClInclude>
    <ClInclude Include="talk\p2p\base\sessionmessages.h">
      <Filter>헤더 파일</Filter>
    </ClInclude>
    <ClInclude Include="talk\p2p\base\stun.h">
      <Filter>헤더 파일</Filter>
    </ClInclude>
    <ClInclude Include="talk\p2p\base\stunport.h">
      <Filter>헤더 파일</Filter>
    </ClInclude>
    <ClInclude Include="talk\p2p\base\stunrequest.h">
      <Filter>헤더 파일</Filter>
    </ClInclude>
    <ClInclude Include="talk\p2p\base\stunserver.h">
      <Filter>헤더 파일</Filter>
    </ClInclude>
    <ClInclude Include="talk\p2p\base\tcpport.h">
      <Filter>헤더 파일</Filter>
    </ClInclude>
    <ClInclude Include="talk\p2p\base\testrelayserver.h">
      <Filter>헤더 파일</Filter>
    </ClInclude>
    <ClInclude Include="talk\p2p\base\teststunserver.h">
      <Filter>헤더 파일</Filter>
    </ClInclude>
    <ClInclude Include="talk\p2p\base\testturnserver.h">
      <Filter>헤더 파일</Filter>
    </ClInclude>
    <ClInclude Include="talk\p2p\base\transport.h">
      <Filter>헤더 파일</Filter>
    </ClInclude>
    <ClInclude Include="talk\p2p\base\transportchannel.h">
      <Filter>헤더 파일</Filter>
    </ClInclude>
    <ClInclude Include="talk\p2p\base\transportchannelimpl.h">
      <Filter>헤더 파일</Filter>
    </ClInclude>
    <ClInclude Include="talk\p2p\base\transportchannelproxy.h">
      <Filter>헤더 파일</Filter>
    </ClInclude>
    <ClInclude Include="talk\p2p\base\transportdescription.h">
      <Filter>헤더 파일</Filter>
    </ClInclude>
    <ClInclude Include="talk\p2p\base\transportdescriptionfactory.h">
      <Filter>헤더 파일</Filter>
    </ClInclude>
    <ClInclude Include="talk\p2p\base\transportinfo.h">
      <Filter>헤더 파일</Filter>
    </ClInclude>
    <ClInclude Include="talk\p2p\base\turnport.h">
      <Filter>헤더 파일</Filter>
    </ClInclude>
    <ClInclude Include="talk\p2p\base\turnserver.h">
      <Filter>헤더 파일</Filter>
    </ClInclude>
    <ClInclude Include="talk\p2p\base\udpport.h">
      <Filter>헤더 파일</Filter>
    </ClInclude>
    <ClInclude Include="talk\p2p\client\autoportallocator.h">
      <Filter>헤더 파일</Filter>
    </ClInclude>
    <ClInclude Include="talk\p2p\client\basicportallocator.h">
      <Filter>헤더 파일</Filter>
    </ClInclude>
    <ClInclude Include="talk\p2p\client\connectivitychecker.h">
      <Filter>헤더 파일</Filter>
    </ClInclude>
    <ClInclude Include="talk\p2p\client\fakeportallocator.h">
      <Filter>헤더 파일</Filter>
    </ClInclude>
    <ClInclude Include="talk\p2p\client\httpportallocator.h">
      <Filter>헤더 파일</Filter>
    </ClInclude>
    <ClInclude Include="talk\p2p\client\sessionmanagertask.h">
      <Filter>헤더 파일</Filter>
    </ClInclude>
    <ClInclude Include="talk\p2p\client\sessionsendtask.h">
      <Filter>헤더 파일</Filter>
    </ClInclude>
    <ClInclude Include="talk\p2p\client\socketmonitor.h">
      <Filter>헤더 파일</Filter>
    </ClInclude>
    <ClInclude Include="talk\session\tunnel\pseudotcpchannel.h">
      <Filter>헤더 파일</Filter>
    </ClInclude>
    <ClInclude Include="talk\session\tunnel\securetunnelsessionclient.h">
      <Filter>헤더 파일</Filter>
    </ClInclude>
    <ClInclude Include="talk\session\tunnel\tunnelsessionclient.h">
      <Filter>헤더 파일</Filter>
    </ClInclude>
    <ClInclude Include="talk\session\media\audiomonitor.h">
      <Filter>헤더 파일</Filter>
    </ClInclude>
    <ClInclude Include="talk\session\media\call.h">
      <Filter>헤더 파일</Filter>
    </ClInclude>
    <ClInclude Include="talk\session\media\channel.h">
      <Filter>헤더 파일</Filter>
    </ClInclude>
    <ClInclude Include="talk\session\media\channelmanager.h">
      <Filter>헤더 파일</Filter>
    </ClInclude>
    <ClInclude Include="talk\session\media\currentspeakermonitor.h">
      <Filter>헤더 파일</Filter>
    </ClInclude>
    <ClInclude Include="talk\session\media\mediamessages.h">
      <Filter>헤더 파일</Filter>
    </ClInclude>
    <ClInclude Include="talk\session\media\mediamonitor.h">
      <Filter>헤더 파일</Filter>
    </ClInclude>
    <ClInclude Include="talk\session\media\mediarecorder.h">
      <Filter>헤더 파일</Filter>
    </ClInclude>
    <ClInclude Include="talk\session\media\mediasession.h">
      <Filter>헤더 파일</Filter>
    </ClInclude>
    <ClInclude Include="talk\session\media\mediasessionclient.h">
      <Filter>헤더 파일</Filter>
    </ClInclude>
    <ClInclude Include="talk\session\media\mediasink.h">
      <Filter>헤더 파일</Filter>
    </ClInclude>
    <ClInclude Include="talk\session\media\rtcpmuxfilter.h">
      <Filter>헤더 파일</Filter>
    </ClInclude>
    <ClInclude Include="talk\session\media\soundclip.h">
      <Filter>헤더 파일</Filter>
    </ClInclude>
    <ClInclude Include="talk\session\media\srtpfilter.h">
      <Filter>헤더 파일</Filter>
    </ClInclude>
    <ClInclude Include="talk\session\media\ssrcmuxfilter.h">
      <Filter>헤더 파일</Filter>
    </ClInclude>
    <ClInclude Include="talk\session\media\typingmonitor.h">
      <Filter>헤더 파일</Filter>
    </ClInclude>
    <ClInclude Include="talk\session\media\voicechannel.h">
      <Filter>헤더 파일</Filter>
    </ClInclude>
    <ClInclude Include="talk\p2p\base\asyncstuntcpsocket.h">
      <Filter>헤더 파일</Filter>
    </ClInclude>
    <ClInclude Include="talk\p2p\base\basicpacketsocketfactory.h">
      <Filter>헤더 파일</Filter>
    </ClInclude>
  </ItemGroup>
  <ItemGroup>
    <ClCompile Include="talk\p2p\base\dtlstransportchannel.cc">
      <Filter>소스 파일</Filter>
    </ClCompile>
    <ClCompile Include="talk\p2p\base\p2ptransport.cc">
      <Filter>소스 파일</Filter>
    </ClCompile>
    <ClCompile Include="talk\p2p\base\p2ptransportchannel.cc">
      <Filter>소스 파일</Filter>
    </ClCompile>
    <ClCompile Include="talk\p2p\base\parsing.cc">
      <Filter>소스 파일</Filter>
    </ClCompile>
    <ClCompile Include="talk\p2p\base\port.cc">
      <Filter>소스 파일</Filter>
    </ClCompile>
    <ClCompile Include="talk\p2p\base\portallocator.cc">
      <Filter>소스 파일</Filter>
    </ClCompile>
    <ClCompile Include="talk\p2p\base\portallocatorsessionproxy.cc">
      <Filter>소스 파일</Filter>
    </ClCompile>
    <ClCompile Include="talk\p2p\base\portproxy.cc">
      <Filter>소스 파일</Filter>
    </ClCompile>
    <ClCompile Include="talk\p2p\base\pseudotcp.cc">
      <Filter>소스 파일</Filter>
    </ClCompile>
    <ClCompile Include="talk\p2p\base\rawtransport.cc">
      <Filter>소스 파일</Filter>
    </ClCompile>
    <ClCompile Include="talk\p2p\base\rawtransportchannel.cc">
      <Filter>소스 파일</Filter>
    </ClCompile>
    <ClCompile Include="talk\p2p\base\relayport.cc">
      <Filter>소스 파일</Filter>
    </ClCompile>
    <ClCompile Include="talk\p2p\base\relayserver.cc">
      <Filter>소스 파일</Filter>
    </ClCompile>
    <ClCompile Include="talk\p2p\base\session.cc">
      <Filter>소스 파일</Filter>
    </ClCompile>
    <ClCompile Include="talk\p2p\base\sessiondescription.cc">
      <Filter>소스 파일</Filter>
    </ClCompile>
    <ClCompile Include="talk\p2p\base\sessionmanager.cc">
      <Filter>소스 파일</Filter>
    </ClCompile>
    <ClCompile Include="talk\p2p\base\sessionmessages.cc">
      <Filter>소스 파일</Filter>
    </ClCompile>
    <ClCompile Include="talk\p2p\base\stun.cc">
      <Filter>소스 파일</Filter>
    </ClCompile>
    <ClCompile Include="talk\p2p\base\stunport.cc">
      <Filter>소스 파일</Filter>
    </ClCompile>
    <ClCompile Include="talk\p2p\base\stunrequest.cc">
      <Filter>소스 파일</Filter>
    </ClCompile>
    <ClCompile Include="talk\p2p\base\stunserver.cc">
      <Filter>소스 파일</Filter>
    </ClCompile>
    <ClCompile Include="talk\p2p\base\tcpport.cc">
      <Filter>소스 파일</Filter>
    </ClCompile>
    <ClCompile Include="talk\p2p\base\transport.cc">
      <Filter>소스 파일</Filter>
    </ClCompile>
    <ClCompile Include="talk\p2p\base\transportchannel.cc">
      <Filter>소스 파일</Filter>
    </ClCompile>
    <ClCompile Include="talk\p2p\base\transportchannelproxy.cc">
      <Filter>소스 파일</Filter>
    </ClCompile>
    <ClCompile Include="talk\p2p\base\transportdescriptionfactory.cc">
      <Filter>소스 파일</Filter>
    </ClCompile>
    <ClCompile Include="talk\p2p\base\turnport.cc">
      <Filter>소스 파일</Filter>
    </ClCompile>
    <ClCompile Include="talk\p2p\base\turnserver.cc">
      <Filter>소스 파일</Filter>
    </ClCompile>
    <ClCompile Include="talk\p2p\client\basicportallocator.cc">
      <Filter>소스 파일</Filter>
    </ClCompile>
    <ClCompile Include="talk\p2p\client\connectivitychecker.cc">
      <Filter>소스 파일</Filter>
    </ClCompile>
    <ClCompile Include="talk\p2p\client\httpportallocator.cc">
      <Filter>소스 파일</Filter>
    </ClCompile>
    <ClCompile Include="talk\p2p\client\socketmonitor.cc">
      <Filter>소스 파일</Filter>
    </ClCompile>
    <ClCompile Include="talk\session\tunnel\pseudotcpchannel.cc">
      <Filter>소스 파일</Filter>
    </ClCompile>
    <ClCompile Include="talk\session\tunnel\securetunnelsessionclient.cc">
      <Filter>소스 파일</Filter>
    </ClCompile>
    <ClCompile Include="talk\session\tunnel\tunnelsessionclient.cc">
      <Filter>소스 파일</Filter>
    </ClCompile>
    <ClCompile Include="talk\session\media\audiomonitor.cc">
      <Filter>소스 파일</Filter>
    </ClCompile>
    <ClCompile Include="talk\session\media\call.cc">
      <Filter>소스 파일</Filter>
    </ClCompile>
    <ClCompile Include="talk\session\media\channel.cc">
      <Filter>소스 파일</Filter>
    </ClCompile>
    <ClCompile Include="talk\session\media\channelmanager.cc">
      <Filter>소스 파일</Filter>
    </ClCompile>
    <ClCompile Include="talk\session\media\currentspeakermonitor.cc">
      <Filter>소스 파일</Filter>
    </ClCompile>
    <ClCompile Include="talk\session\media\mediamessages.cc">
      <Filter>소스 파일</Filter>
    </ClCompile>
    <ClCompile Include="talk\session\media\mediamonitor.cc">
      <Filter>소스 파일</Filter>
    </ClCompile>
    <ClCompile Include="talk\session\media\mediarecorder.cc">
      <Filter>소스 파일</Filter>
    </ClCompile>
    <ClCompile Include="talk\session\media\mediasession.cc">
      <Filter>소스 파일</Filter>
    </ClCompile>
    <ClCompile Include="talk\session\media\mediasessionclient.cc">
      <Filter>소스 파일</Filter>
    </ClCompile>
    <ClCompile Include="talk\session\media\rtcpmuxfilter.cc">
      <Filter>소스 파일</Filter>
    </ClCompile>
    <ClCompile Include="talk\session\media\soundclip.cc">
      <Filter>소스 파일</Filter>
    </ClCompile>
    <ClCompile Include="talk\session\media\srtpfilter.cc">
      <Filter>소스 파일</Filter>
    </ClCompile>
    <ClCompile Include="talk\session\media\ssrcmuxfilter.cc">
      <Filter>소스 파일</Filter>
    </ClCompile>
    <ClCompile Include="talk\session\media\typingmonitor.cc">
      <Filter>소스 파일</Filter>
    </ClCompile>
    <ClCompile Include="talk\p2p\base\constants.cc">
      <Filter>소스 파일</Filter>
    </ClCompile>
    <ClCompile Include="talk\p2p\base\asyncstuntcpsocket.cc">
      <Filter>소스 파일</Filter>
    </ClCompile>
    <ClCompile Include="talk\p2p\base\basicpacketsocketfactory.cc">
      <Filter>소스 파일</Filter>
    </ClCompile>
  </ItemGroup>
</Project>