<?xml version="1.0" encoding="utf-8"?>
<Project ToolsVersion="4.0" xmlns="http://schemas.microsoft.com/developer/msbuild/2003">
  <ItemGroup>
    <Filter Include="소스 파일">
      <UniqueIdentifier>{4FC737F1-C7A5-4376-A066-2A32D752A2FF}</UniqueIdentifier>
      <Extensions>cpp;c;cc;cxx;def;odl;idl;hpj;bat;asm;asmx</Extensions>
    </Filter>
    <Filter Include="헤더 파일">
      <UniqueIdentifier>{93995380-89BD-4b04-88EB-625FBE52EBFB}</UniqueIdentifier>
      <Extensions>h;hh;hpp;hxx;hm;inl;inc;xsd</Extensions>
    </Filter>
    <Filter Include="리소스 파일">
      <UniqueIdentifier>{67DA6AB6-F800-4c08-8B7A-83BB121AAD01}</UniqueIdentifier>
      <Extensions>rc;ico;cur;bmp;dlg;rc2;rct;bin;rgs;gif;jpg;jpeg;jpe;resx;tiff;tif;png;wav;mfcribbon-ms</Extensions>
    </Filter>
  </ItemGroup>
  <ItemGroup>
    <Text Include="ReadMe.txt" />
  </ItemGroup>
  <ItemGroup>
    <ClCompile Include="talk\xmllite\qname.cc">
      <Filter>소스 파일</Filter>
    </ClCompile>
    <ClCompile Include="talk\xmllite\xmlbuilder.cc">
      <Filter>소스 파일</Filter>
    </ClCompile>
    <ClCompile Include="talk\xmllite\xmlconstants.cc">
      <Filter>소스 파일</Filter>
    </ClCompile>
    <ClCompile Include="talk\xmllite\xmlelement.cc">
      <Filter>소스 파일</Filter>
    </ClCompile>
    <ClCompile Include="talk\xmllite\xmlnsstack.cc">
      <Filter>소스 파일</Filter>
    </ClCompile>
    <ClCompile Include="talk\xmllite\xmlparser.cc">
      <Filter>소스 파일</Filter>
    </ClCompile>
    <ClCompile Include="talk\xmllite\xmlprinter.cc">
      <Filter>소스 파일</Filter>
    </ClCompile>
    <ClCompile Include="talk\third_party\expat\v2_0_1\Source\lib\xmlparse.c">
      <Filter>소스 파일</Filter>
    </ClCompile>
    <ClCompile Include="talk\third_party\expat\v2_0_1\Source\lib\xmlrole.c">
      <Filter>소스 파일</Filter>
    </ClCompile>
    <ClCompile Include="talk\third_party\expat\v2_0_1\Source\lib\xmltok.c">
      <Filter>소스 파일</Filter>
    </ClCompile>
    <ClCompile Include="talk\third_party\expat\v2_0_1\Source\lib\xmltok_impl.c">
      <Filter>소스 파일</Filter>
    </ClCompile>
    <ClCompile Include="talk\third_party\expat\v2_0_1\Source\lib\xmltok_ns.c">
      <Filter>소스 파일</Filter>
    </ClCompile>
  </ItemGroup>
  <ItemGroup>
    <ClInclude Include="talk\xmllite\qname.h">
      <Filter>헤더 파일</Filter>
    </ClInclude>
    <ClInclude Include="talk\xmllite\xmlbuilder.h">
      <Filter>헤더 파일</Filter>
    </ClInclude>
    <ClInclude Include="talk\xmllite\xmlconstants.h">
      <Filter>헤더 파일</Filter>
    </ClInclude>
    <ClInclude Include="talk\xmllite\xmlelement.h">
      <Filter>헤더 파일</Filter>
    </ClInclude>
    <ClInclude Include="talk\xmllite\xmlnsstack.h">
      <Filter>헤더 파일</Filter>
    </ClInclude>
    <ClInclude Include="talk\xmllite\xmlparser.h">
      <Filter>헤더 파일</Filter>
    </ClInclude>
    <ClInclude Include="talk\xmllite\xmlprinter.h">
      <Filter>헤더 파일</Filter>
    </ClInclude>
    <ClInclude Include="talk\third_party\expat\v2_0_1\Source\lib\amigaconfig.h">
      <Filter>헤더 파일</Filter>
    </ClInclude>
    <ClInclude Include="talk\third_party\expat\v2_0_1\Source\lib\ascii.h">
      <Filter>헤더 파일</Filter>
    </ClInclude>
    <ClInclude Include="talk\third_party\expat\v2_0_1\Source\lib\asciitab.h">
      <Filter>헤더 파일</Filter>
    </ClInclude>
    <ClInclude Include="talk\third_party\expat\v2_0_1\Source\lib\expat.h">
      <Filter>헤더 파일</Filter>
    </ClInclude>
    <ClInclude Include="talk\third_party\expat\v2_0_1\Source\lib\expat_external.h">
      <Filter>헤더 파일</Filter>
    </ClInclude>
    <ClInclude Include="talk\third_party\expat\v2_0_1\Source\lib\iasciitab.h">
      <Filter>헤더 파일</Filter>
    </ClInclude>
    <ClInclude Include="talk\third_party\expat\v2_0_1\Source\lib\internal.h">
      <Filter>헤더 파일</Filter>
    </ClInclude>
    <ClInclude Include="talk\third_party\expat\v2_0_1\Source\lib\latin1tab.h">
      <Filter>헤더 파일</Filter>
    </ClInclude>
    <ClInclude Include="talk\third_party\expat\v2_0_1\Source\lib\macconfig.h">
      <Filter>헤더 파일</Filter>
    </ClInclude>
    <ClInclude Include="talk\third_party\expat\v2_0_1\Source\lib\nametab.h">
      <Filter>헤더 파일</Filter>
    </ClInclude>
    <ClInclude Include="talk\third_party\expat\v2_0_1\Source\lib\utf8tab.h">
      <Filter>헤더 파일</Filter>
    </ClInclude>
    <ClInclude Include="talk\third_party\expat\v2_0_1\Source\lib\winconfig.h">
      <Filter>헤더 파일</Filter>
    </ClInclude>
    <ClInclude Include="talk\third_party\expat\v2_0_1\Source\lib\xmlrole.h">
      <Filter>헤더 파일</Filter>
    </ClInclude>
    <ClInclude Include="talk\third_party\expat\v2_0_1\Source\lib\xmltok.h">
      <Filter>헤더 파일</Filter>
    </ClInclude>
    <ClInclude Include="talk\third_party\expat\v2_0_1\Source\lib\xmltok_impl.h">
      <Filter>헤더 파일</Filter>
    </ClInclude>
  </ItemGroup>
  <ItemGroup>
    <None Include="talk\third_party\expat\v2_0_1\Source\lib\libexpat.def">
      <Filter>소스 파일</Filter>
    </None>
    <None Include="talk\third_party\expat\v2_0_1\Source\lib\libexpatw.def">
      <Filter>소스 파일</Filter>
    </None>
  </ItemGroup>
</Project>